
Microsoft Visual Studio Solution File, Format Version 12.00
# Visual Studio Version 17
VisualStudioVersion = 17.6.33723.286
MinimumVisualStudioVersion = 10.0.40219.1
Project("{FAE04EC0-301F-11D3-BF4B-00C04F79EFBC}") = "BetSystem", "BetSystem\BetSystem.csproj", "{B083AE81-6534-43D8-80D7-75ED0C0F56B9}"
EndProject
Global
	GlobalSection(SolutionConfigurationPlatforms) = preSolution
		Debug|Any CPU = Debug|Any CPU
		Release|Any CPU = Release|Any CPU
	EndGlobalSection
	GlobalSection(ProjectConfigurationPlatforms) = postSolution
		{B083AE81-6534-43D8-80D7-75ED0C0F56B9}.Debug|Any CPU.ActiveCfg = Debug|Any CPU
		{B083AE81-6534-43D8-80D7-75ED0C0F56B9}.Debug|Any CPU.Build.0 = Debug|Any CPU
		{B083AE81-6534-43D8-80D7-75ED0C0F56B9}.Release|Any CPU.ActiveCfg = Release|Any CPU
		{B083AE81-6534-43D8-80D7-75ED0C0F56B9}.Release|Any CPU.Build.0 = Release|Any CPU
	EndGlobalSection
	GlobalSection(SolutionProperties) = preSolution
		HideSolutionNode = FALSE
	EndGlobalSection
	GlobalSection(ExtensibilityGlobals) = postSolution
		SolutionGuid = {3D8E3C1D-32A7-49D2-ACD5-0F2AC4E9BE5E}
	EndGlobalSection
EndGlobal
